
Microsoft Visual Studio Solution File, Format Version 12.00
# Visual Studio Version 16
VisualStudioVersion = 16.0.31515.178
MinimumVisualStudioVersion = 10.0.40219.1
Project("{9A19103F-16F7-4668-BE54-9A1E7A4F7556}") = "InstagramClone.Api", "InstagramClone.Api\InstagramClone.Api.csproj", "{9756CC9B-907B-402A-8DE5-63DCDCDA9935}"
EndProject
Project("{2150E333-8FDC-42A3-9474-1A3956D46DE8}") = "sql", "sql", "{95F0A16A-F630-4E67-9141-BAE66A5F594A}"
	ProjectSection(SolutionItems) = preProject
		sql\CleanTables.sql = sql\CleanTables.sql
		sql\SeedScript.sql = sql\SeedScript.sql
	EndProjectSection
EndProject
Global
	GlobalSection(SolutionConfigurationPlatforms) = preSolution
		Debug|Any CPU = Debug|Any CPU
		Release|Any CPU = Release|Any CPU
	EndGlobalSection
	GlobalSection(ProjectConfigurationPlatforms) = postSolution
		{9756CC9B-907B-402A-8DE5-63DCDCDA9935}.Debug|Any CPU.ActiveCfg = Debug|Any CPU
		{9756CC9B-907B-402A-8DE5-63DCDCDA9935}.Debug|Any CPU.Build.0 = Debug|Any CPU
		{9756CC9B-907B-402A-8DE5-63DCDCDA9935}.Release|Any CPU.ActiveCfg = Release|Any CPU
		{9756CC9B-907B-402A-8DE5-63DCDCDA9935}.Release|Any CPU.Build.0 = Release|Any CPU
	EndGlobalSection
	GlobalSection(SolutionProperties) = preSolution
		HideSolutionNode = FALSE
	EndGlobalSection
	GlobalSection(ExtensibilityGlobals) = postSolution
		SolutionGuid = {FC26D9BF-F32A-4E06-880A-52D829A75DF6}
	EndGlobalSection
EndGlobal
